
Microsoft Visual Studio Solution File, Format Version 12.00
# Visual Studio Version 16
VisualStudioVersion = 16.0.31702.278
MinimumVisualStudioVersion = 10.0.40219.1
Project("{FAE04EC0-301F-11D3-BF4B-00C04F79EFBC}") = "aula_23_10_validação", "aula_23_10_validação\aula_23_10_validação.csproj", "{3E974353-7C16-4571-9E79-1C0C33A7A471}"
EndProject
Global
	GlobalSection(SolutionConfigurationPlatforms) = preSolution
		Debug|Any CPU = Debug|Any CPU
		Release|Any CPU = Release|Any CPU
	EndGlobalSection
	GlobalSection(ProjectConfigurationPlatforms) = postSolution
		{3E974353-7C16-4571-9E79-1C0C33A7A471}.Debug|Any CPU.ActiveCfg = Debug|Any CPU
		{3E974353-7C16-4571-9E79-1C0C33A7A471}.Debug|Any CPU.Build.0 = Debug|Any CPU
		{3E974353-7C16-4571-9E79-1C0C33A7A471}.Release|Any CPU.ActiveCfg = Release|Any CPU
		{3E974353-7C16-4571-9E79-1C0C33A7A471}.Release|Any CPU.Build.0 = Release|Any CPU
	EndGlobalSection
	GlobalSection(SolutionProperties) = preSolution
		HideSolutionNode = FALSE
	EndGlobalSection
	GlobalSection(ExtensibilityGlobals) = postSolution
		SolutionGuid = {90D8BA61-CCF3-427E-9127-E21D34985873}
	EndGlobalSection
EndGlobal
